
Microsoft Visual Studio Solution File, Format Version 12.00
# Visual Studio Version 16
VisualStudioVersion = 16.0.31112.23
MinimumVisualStudioVersion = 10.0.40219.1
Project("{FAE04EC0-301F-11D3-BF4B-00C04F79EFBC}") = "HMWK3", "HMWK3\HMWK3.csproj", "{960F7B2B-859A-409F-A65F-0F196364468C}"
EndProject
Global
	GlobalSection(SolutionConfigurationPlatforms) = preSolution
		Debug|Any CPU = Debug|Any CPU
		Release|Any CPU = Release|Any CPU
	EndGlobalSection
	GlobalSection(ProjectConfigurationPlatforms) = postSolution
		{960F7B2B-859A-409F-A65F-0F196364468C}.Debug|Any CPU.ActiveCfg = Debug|Any CPU
		{960F7B2B-859A-409F-A65F-0F196364468C}.Debug|Any CPU.Build.0 = Debug|Any CPU
		{960F7B2B-859A-409F-A65F-0F196364468C}.Release|Any CPU.ActiveCfg = Release|Any CPU
		{960F7B2B-859A-409F-A65F-0F196364468C}.Release|Any CPU.Build.0 = Release|Any CPU
	EndGlobalSection
	GlobalSection(SolutionProperties) = preSolution
		HideSolutionNode = FALSE
	EndGlobalSection
	GlobalSection(ExtensibilityGlobals) = postSolution
		SolutionGuid = {20C48A74-E291-4C36-A721-09C7FBD6AA57}
	EndGlobalSection
EndGlobal
